// !$*UTF8*$!
{
	archiveVersion = 1;
	classes = {
	};
	objectVersion = 46;
	objects = {

/* Begin PBXBuildFile section */
		18455BA21ECDA65A007C8F8B /* AppDelegate.swift in Sources */ = {isa = PBXBuildFile; fileRef = 18455BA11ECDA65A007C8F8B /* AppDelegate.swift */; };
		18455BA41ECDA65A007C8F8B /* ViewController.swift in Sources */ = {isa = PBXBuildFile; fileRef = 18455BA31ECDA65A007C8F8B /* ViewController.swift */; };
		18455BA71ECDA65A007C8F8B /* Main.storyboard in Resources */ = {isa = PBXBuildFile; fileRef = 18455BA51ECDA65A007C8F8B /* Main.storyboard */; };
		18455BA91ECDA65A007C8F8B /* Assets.xcassets in Resources */ = {isa = PBXBuildFile; fileRef = 18455BA81ECDA65A007C8F8B /* Assets.xcassets */; };
		18455BAC1ECDA65A007C8F8B /* LaunchScreen.storyboard in Resources */ = {isa = PBXBuildFile; fileRef = 18455BAA1ECDA65A007C8F8B /* LaunchScreen.storyboard */; };
		632A287009DDB0D0EB664714 /* Pods_refreshViewApp.framework in Frameworks */ = {isa = PBXBuildFile; fileRef = 8F0C5302C5514DA147749763 /* Pods_refreshViewApp.framework */; };
		E5AFCB9D202812330027C382 /* EventModel.swift in Sources */ = {isa = PBXBuildFile; fileRef = E5AFCB9C202812330027C382 /* EventModel.swift */; };
/* End PBXBuildFile section */

/* Begin PBXFileReference section */
		18455B9E1ECDA65A007C8F8B /* refreshViewApp.app */ = {isa = PBXFileReference; explicitFileType = wrapper.application; includeInIndex = 0; path = refreshViewApp.app; sourceTree = BUILT_PRODUCTS_DIR; };
		18455BA11ECDA65A007C8F8B /* AppDelegate.swift */ = {isa = PBXFileReference; lastKnownFileType = sourcecode.swift; path = AppDelegate.swift; sourceTree = "<group>"; };
		18455BA31ECDA65A007C8F8B /* ViewController.swift */ = {isa = PBXFileReference; lastKnownFileType = sourcecode.swift; path = ViewController.swift; sourceTree = "<group>"; };
		18455BA61ECDA65A007C8F8B /* Base */ = {isa = PBXFileReference; lastKnownFileType = file.storyboard; name = Base; path = Base.lproj/Main.storyboard; sourceTree = "<group>"; };
		18455BA81ECDA65A007C8F8B /* Assets.xcassets */ = {isa = PBXFileReference; lastKnownFileType = folder.assetcatalog; path = Assets.xcassets; sourceTree = "<group>"; };
		18455BAB1ECDA65A007C8F8B /* Base */ = {isa = PBXFileReference; lastKnownFileType = file.storyboard; name = Base; path = Base.lproj/LaunchScreen.storyboard; sourceTree = "<group>"; };
		18455BAD1ECDA65A007C8F8B /* Info.plist */ = {isa = PBXFileReference; lastKnownFileType = text.plist.xml; path = Info.plist; sourceTree = "<group>"; };
		2D5ED36CF7AFE2FCAEFC7253 /* Pods-refreshViewApp.release.xcconfig */ = {isa = PBXFileReference; includeInIndex = 1; lastKnownFileType = text.xcconfig; name = "Pods-refreshViewApp.release.xcconfig"; path = "Pods/Target Support Files/Pods-refreshViewApp/Pods-refreshViewApp.release.xcconfig"; sourceTree = "<group>"; };
		6E66C1C3C9C9F5B2E12A5081 /* Pods-refreshViewApp.debug.xcconfig */ = {isa = PBXFileReference; includeInIndex = 1; lastKnownFileType = text.xcconfig; name = "Pods-refreshViewApp.debug.xcconfig"; path = "Pods/Target Support Files/Pods-refreshViewApp/Pods-refreshViewApp.debug.xcconfig"; sourceTree = "<group>"; };
		8F0C5302C5514DA147749763 /* Pods_refreshViewApp.framework */ = {isa = PBXFileReference; explicitFileType = wrapper.framework; includeInIndex = 0; path = Pods_refreshViewApp.framework; sourceTree = BUILT_PRODUCTS_DIR; };
		E5AFCB9C202812330027C382 /* EventModel.swift */ = {isa = PBXFileReference; lastKnownFileType = sourcecode.swift; path = EventModel.swift; sourceTree = "<group>"; };
/* End PBXFileReference section */

/* Begin PBXFrameworksBuildPhase section */
		18455B9B1ECDA65A007C8F8B /* Frameworks */ = {
			isa = PBXFrameworksBuildPhase;
			buildActionMask = 2147483647;
			files = (
				632A287009DDB0D0EB664714 /* Pods_refreshViewApp.framework in Frameworks */,
			);
			runOnlyForDeploymentPostprocessing = 0;
		};
/* End PBXFrameworksBuildPhase section */

/* Begin PBXGroup section */
		10778EEB0149ED63FA69A258 /* Pods */ = {
			isa = PBXGroup;
			children = (
				6E66C1C3C9C9F5B2E12A5081 /* Pods-refreshViewApp.debug.xcconfig */,
				2D5ED36CF7AFE2FCAEFC7253 /* Pods-refreshViewApp.release.xcconfig */,
			);
			name = Pods;
			sourceTree = "<group>";
		};
		18455B951ECDA65A007C8F8B = {
			isa = PBXGroup;
			children = (
				18455BA01ECDA65A007C8F8B /* refreshViewApp */,
				18455B9F1ECDA65A007C8F8B /* Products */,
				10778EEB0149ED63FA69A258 /* Pods */,
				C8D6BAF9422147553CB13379 /* Frameworks */,
			);
			sourceTree = "<group>";
		};
		18455B9F1ECDA65A007C8F8B /* Products */ = {
			isa = PBXGroup;
			children = (
				18455B9E1ECDA65A007C8F8B /* refreshViewApp.app */,
			);
			name = Products;
			sourceTree = "<group>";
		};
		18455BA01ECDA65A007C8F8B /* refreshViewApp */ = {
			isa = PBXGroup;
			children = (
				18455BA11ECDA65A007C8F8B /* AppDelegate.swift */,
				18455BA31ECDA65A007C8F8B /* ViewController.swift */,
				18455BA51ECDA65A007C8F8B /* Main.storyboard */,
				18455BA81ECDA65A007C8F8B /* Assets.xcassets */,
				18455BAA1ECDA65A007C8F8B /* LaunchScreen.storyboard */,
				18455BAD1ECDA65A007C8F8B /* Info.plist */,
				E5AFCB9C202812330027C382 /* EventModel.swift */,
			);
			path = refreshViewApp;
			sourceTree = "<group>";
		};
		C8D6BAF9422147553CB13379 /* Frameworks */ = {
			isa = PBXGroup;
			children = (
				8F0C5302C5514DA147749763 /* Pods_refreshViewApp.framework */,
			);
			name = Frameworks;
			sourceTree = "<group>";
		};
/* End PBXGroup section */

/* Begin PBXNativeTarget section */
		18455B9D1ECDA65A007C8F8B /* refreshViewApp */ = {
			isa = PBXNativeTarget;
			buildConfigurationList = 18455BB01ECDA65A007C8F8B /* Build configuration list for PBXNativeTarget "refreshViewApp" */;
			buildPhases = (
				544D50C5DBC1856B94DC662F /* [CP] Check Pods Manifest.lock */,
				18455B9A1ECDA65A007C8F8B /* Sources */,
				18455B9B1ECDA65A007C8F8B /* Frameworks */,
				18455B9C1ECDA65A007C8F8B /* Resources */,
				4ECE0ED3F30D9CFF4133006C /* [CP] Embed Pods Frameworks */,
				04B3E04416F6271A18AEEACD /* [CP] Copy Pods Resources */,
			);
			buildRules = (
			);
			dependencies = (
			);
			name = refreshViewApp;
			productName = refreshViewApp;
			productReference = 18455B9E1ECDA65A007C8F8B /* refreshViewApp.app */;
			productType = "com.apple.product-type.application";
		};
/* End PBXNativeTarget section */

/* Begin PBXProject section */
		18455B961ECDA65A007C8F8B /* Project object */ = {
			isa = PBXProject;
			attributes = {
				LastSwiftUpdateCheck = 0830;
				LastUpgradeCheck = 0830;
				ORGANIZATIONNAME = Ananth;
				TargetAttributes = {
					18455B9D1ECDA65A007C8F8B = {
						CreatedOnToolsVersion = 8.3;
						DevelopmentTeam = 357KKH429U;
						ProvisioningStyle = Automatic;
					};
				};
			};
			buildConfigurationList = 18455B991ECDA65A007C8F8B /* Build configuration list for PBXProject "refreshViewApp" */;
			compatibilityVersion = "Xcode 3.2";
			developmentRegion = English;
			hasScannedForEncodings = 0;
			knownRegions = (
				en,
				Base,
			);
			mainGroup = 18455B951ECDA65A007C8F8B;
			productRefGroup = 18455B9F1ECDA65A007C8F8B /* Products */;
			projectDirPath = "";
			projectRoot = "";
			targets = (
				18455B9D1ECDA65A007C8F8B /* refreshViewApp */,
			);
		};
/* End PBXProject section */

/* Begin PBXResourcesBuildPhase section */
		18455B9C1ECDA65A007C8F8B /* Resources */ = {
			isa = PBXResourcesBuildPhase;
			buildActionMask = 2147483647;
			files = (
				18455BAC1ECDA65A007C8F8B /* LaunchScreen.storyboard in Resources */,
				18455BA91ECDA65A007C8F8B /* Assets.xcassets in Resources */,
				18455BA71ECDA65A007C8F8B /* Main.storyboard in Resources */,
			);
			runOnlyForDeploymentPostprocessing = 0;
		};
/* End PBXResourcesBuildPhase section */

/* Begin PBXShellScriptBuildPhase section */
		04B3E04416F6271A18AEEACD /* [CP] Copy Pods Resources */ = {
			isa = PBXShellScriptBuildPhase;
			buildActionMask = 2147483647;
			files = (
			);
			inputPaths = (
			);
			name = "[CP] Copy Pods Resources";
			outputPaths = (
			);
			runOnlyForDeploymentPostprocessing = 0;
			shellPath = /bin/sh;
			shellScript = "\"${SRCROOT}/Pods/Target Support Files/Pods-refreshViewApp/Pods-refreshViewApp-resources.sh\"\n";
			showEnvVarsInLog = 0;
		};
		4ECE0ED3F30D9CFF4133006C /* [CP] Embed Pods Frameworks */ = {
			isa = PBXShellScriptBuildPhase;
			buildActionMask = 2147483647;
			files = (
			);
			inputPaths = (
				"${SRCROOT}/Pods/Target Support Files/Pods-refreshViewApp/Pods-refreshViewApp-frameworks.sh",
				"${BUILT_PRODUCTS_DIR}/ObjectMapper/ObjectMapper.framework",
			);
			name = "[CP] Embed Pods Frameworks";
			outputPaths = (
				"${TARGET_BUILD_DIR}/${FRAMEWORKS_FOLDER_PATH}/ObjectMapper.framework",
			);
			runOnlyForDeploymentPostprocessing = 0;
			shellPath = /bin/sh;
			shellScript = "\"${SRCROOT}/Pods/Target Support Files/Pods-refreshViewApp/Pods-refreshViewApp-frameworks.sh\"\n";
			showEnvVarsInLog = 0;
		};
		544D50C5DBC1856B94DC662F /* [CP] Check Pods Manifest.lock */ = {
			isa = PBXShellScriptBuildPhase;
			buildActionMask = 2147483647;
			files = (
			);
			inputPaths = (
				"${PODS_PODFILE_DIR_PATH}/Podfile.lock",
				"${PODS_ROOT}/Manifest.lock",
			);
			name = "[CP] Check Pods Manifest.lock";
			outputPaths = (
				"$(DERIVED_FILE_DIR)/Pods-refreshViewApp-checkManifestLockResult.txt",
			);
			runOnlyForDeploymentPostprocessing = 0;
			shellPath = /bin/sh;
			shellScript = "diff \"${PODS_PODFILE_DIR_PATH}/Podfile.lock\" \"${PODS_ROOT}/Manifest.lock\" > /dev/null\nif [ $? != 0 ] ; then\n    # print error to STDERR\n    echo \"error: The sandbox is not in sync with the Podfile.lock. Run 'pod install' or update your CocoaPods installation.\" >&2\n    exit 1\nfi\n# This output is used by Xcode 'outputs' to avoid re-running this script phase.\necho \"SUCCESS\" > \"${SCRIPT_OUTPUT_FILE_0}\"\n";
			showEnvVarsInLog = 0;
		};
/* End PBXShellScriptBuildPhase section */

/* Begin PBXSourcesBuildPhase section */
		18455B9A1ECDA65A007C8F8B /* Sources */ = {
			isa = PBXSourcesBuildPhase;
			buildActionMask = 2147483647;
			files = (
				18455BA41ECDA65A007C8F8B /* ViewController.swift in Sources */,
				E5AFCB9D202812330027C382 /* EventModel.swift in Sources */,
				18455BA21ECDA65A007C8F8B /* AppDelegate.swift in Sources */,
			);
			runOnlyForDeploymentPostprocessing = 0;
		};
/* End PBXSourcesBuildPhase section */

/* Begin PBXVariantGroup section */
		18455BA51ECDA65A007C8F8B /* Main.storyboard */ = {
			isa = PBXVariantGroup;
			children = (
				18455BA61ECDA65A007C8F8B /* Base */,
			);
			name = Main.storyboard;
			sourceTree = "<group>";
		};
		18455BAA1ECDA65A007C8F8B /* LaunchScreen.storyboard */ = {
			isa = PBXVariantGroup;
			children = (
				18455BAB1ECDA65A007C8F8B /* Base */,
			);
			name = LaunchScreen.storyboard;
			sourceTree = "<group>";
		};
/* End PBXVariantGroup section */

/* Begin XCBuildConfiguration section */
		18455BAE1ECDA65A007C8F8B /* Debug */ = {
			isa = XCBuildConfiguration;
			buildSettings = {
				ALWAYS_SEARCH_USER_PATHS = NO;
				CLANG_ANALYZER_NONNULL = YES;
				CLANG_ANALYZER_NUMBER_OBJECT_CONVERSION = YES_AGGRESSIVE;
				CLANG_CXX_LANGUAGE_STANDARD = "gnu++0x";
				CLANG_CXX_LIBRARY = "libc++";
				CLANG_ENABLE_MODULES = YES;
				CLANG_ENABLE_OBJC_ARC = YES;
				CLANG_WARN_BOOL_CONVERSION = YES;
				CLANG_WARN_CONSTANT_CONVERSION = YES;
				CLANG_WARN_DIRECT_OBJC_ISA_USAGE = YES_ERROR;
				CLANG_WARN_DOCUMENTATION_COMMENTS = YES;
				CLANG_WARN_EMPTY_BODY = YES;
				CLANG_WARN_ENUM_CONVERSION = YES;
				CLANG_WARN_INFINITE_RECURSION = YES;
				CLANG_WARN_INT_CONVERSION = YES;
				CLANG_WARN_OBJC_ROOT_CLASS = YES_ERROR;
				CLANG_WARN_SUSPICIOUS_MOVE = YES;
				CLANG_WARN_UNREACHABLE_CODE = YES;
				CLANG_WARN__DUPLICATE_METHOD_MATCH = YES;
				"CODE_SIGN_IDENTITY[sdk=iphoneos*]" = "iPhone Developer";
				COPY_PHASE_STRIP = NO;
				DEBUG_INFORMATION_FORMAT = dwarf;
				ENABLE_STRICT_OBJC_MSGSEND = YES;
				ENABLE_TESTABILITY = YES;
				GCC_C_LANGUAGE_STANDARD = gnu99;
				GCC_DYNAMIC_NO_PIC = NO;
				GCC_NO_COMMON_BLOCKS = YES;
				GCC_OPTIMIZATION_LEVEL = 0;
				GCC_PREPROCESSOR_DEFINITIONS = (
					"DEBUG=1",
					"$(inherited)",
				);
				GCC_WARN_64_TO_32_BIT_CONVERSION = YES;
				GCC_WARN_ABOUT_RETURN_TYPE = YES_ERROR;
				GCC_WARN_UNDECLARED_SELECTOR = YES;
				GCC_WARN_UNINITIALIZED_AUTOS = YES_AGGRESSIVE;
				GCC_WARN_UNUSED_FUNCTION = YES;
				GCC_WARN_UNUSED_VARIABLE = YES;
				IPHONEOS_DEPLOYMENT_TARGET = 10.3;
				MTL_ENABLE_DEBUG_INFO = YES;
				ONLY_ACTIVE_ARCH = YES;
				SDKROOT = iphoneos;
				SWIFT_ACTIVE_COMPILATION_CONDITIONS = DEBUG;
				SWIFT_OPTIMIZATION_LEVEL = "-Onone";
				TARGETED_DEVICE_FAMILY = "1,2";
			};
			name = Debug;
		};
		18455BAF1ECDA65A007C8F8B /* Release */ = {
			isa = XCBuildConfiguration;
			buildSettings = {
				ALWAYS_SEARCH_USER_PATHS = NO;
				CLANG_ANALYZER_NONNULL = YES;
				CLANG_ANALYZER_NUMBER_OBJECT_CONVERSION = YES_AGGRESSIVE;
				CLANG_CXX_LANGUAGE_STANDARD = "gnu++0x";
				CLANG_CXX_LIBRARY = "libc++";
				CLANG_ENABLE_MODULES = YES;
				CLANG_ENABLE_OBJC_ARC = YES;
				CLANG_WARN_BOOL_CONVERSION = YES;
				CLANG_WARN_CONSTANT_CONVERSION = YES;
				CLANG_WARN_DIRECT_OBJC_ISA_USAGE = YES_ERROR;
				CLANG_WARN_DOCUMENTATION_COMMENTS = YES;
				CLANG_WARN_EMPTY_BODY = YES;
				CLANG_WARN_ENUM_CONVERSION = YES;
				CLANG_WARN_INFINITE_RECURSION = YES;
				CLANG_WARN_INT_CONVERSION = YES;
				CLANG_WARN_OBJC_ROOT_CLASS = YES_ERROR;
				CLANG_WARN_SUSPICIOUS_MOVE = YES;
				CLANG_WARN_UNREACHABLE_CODE = YES;
				CLANG_WARN__DUPLICATE_METHOD_MATCH = YES;
				"CODE_SIGN_IDENTITY[sdk=iphoneos*]" = "iPhone Developer";
				COPY_PHASE_STRIP = NO;
				DEBUG_INFORMATION_FORMAT = "dwarf-with-dsym";
				ENABLE_NS_ASSERTIONS = NO;
				ENABLE_STRICT_OBJC_MSGSEND = YES;
				GCC_C_LANGUAGE_STANDARD = gnu99;
				GCC_NO_COMMON_BLOCKS = YES;
				GCC_WARN_64_TO_32_BIT_CONVERSION = YES;
				GCC_WARN_ABOUT_RETURN_TYPE = YES_ERROR;
				GCC_WARN_UNDECLARED_SELECTOR = YES;
				GCC_WARN_UNINITIALIZED_AUTOS = YES_AGGRESSIVE;
				GCC_WARN_UNUSED_FUNCTION = YES;
				GCC_WARN_UNUSED_VARIABLE = YES;
				IPHONEOS_DEPLOYMENT_TARGET = 10.3;
				MTL_ENABLE_DEBUG_INFO = NO;
				SDKROOT = iphoneos;
				SWIFT_OPTIMIZATION_LEVEL = "-Owholemodule";
				TARGETED_DEVICE_FAMILY = "1,2";
				VALIDATE_PRODUCT = YES;
			};
			name = Release;
		};
		18455BB11ECDA65A007C8F8B /* Debug */ = {
			isa = XCBuildConfiguration;
			baseConfigurationReference = 6E66C1C3C9C9F5B2E12A5081 /* Pods-refreshViewApp.debug.xcconfig */;
			buildSettings = {
				ASSETCATALOG_COMPILER_APPICON_NAME = AppIcon;
				"CODE_SIGN_IDENTITY[sdk=iphoneos*]" = "iPhone Developer";
				CODE_SIGN_STYLE = Automatic;
				DEVELOPMENT_TEAM = 357KKH429U;
				INFOPLIST_FILE = refreshViewApp/Info.plist;
				LD_RUNPATH_SEARCH_PATHS = "$(inherited) @executable_path/Frameworks";
				PRODUCT_BUNDLE_IDENTIFIER = com.himadrisj.eventReader;
				PRODUCT_NAME = "$(TARGET_NAME)";
				PROVISIONING_PROFILE_SPECIFIER = "";
				SWIFT_VERSION = 3.0;
			};
			name = Debug;
		};
		18455BB21ECDA65A007C8F8B /* Release */ = {
			isa = XCBuildConfiguration;
			baseConfigurationReference = 2D5ED36CF7AFE2FCAEFC7253 /* Pods-refreshViewApp.release.xcconfig */;
			buildSettings = {
				ASSETCATALOG_COMPILER_APPICON_NAME = AppIcon;
				"CODE_SIGN_IDENTITY[sdk=iphoneos*]" = "iPhone Developer";
				CODE_SIGN_STYLE = Automatic;
				DEVELOPMENT_TEAM = 357KKH429U;
				INFOPLIST_FILE = refreshViewApp/Info.plist;
				LD_RUNPATH_SEARCH_PATHS = "$(inherited) @executable_path/Frameworks";
				PRODUCT_BUNDLE_IDENTIFIER = com.himadrisj.eventReader;
				PRODUCT_NAME = "$(TARGET_NAME)";
				PROVISIONING_PROFILE_SPECIFIER = "";
				SWIFT_VERSION = 3.0;
			};
			name = Release;
		};
/* End XCBuildConfiguration section */

/* Begin XCConfigurationList section */
		18455B991ECDA65A007C8F8B /* Build configuration list for PBXProject "refreshViewApp" */ = {
			isa = XCConfigurationList;
			buildConfigurations = (
				18455BAE1ECDA65A007C8F8B /* Debug */,
				18455BAF1ECDA65A007C8F8B /* Release */,
			);
			defaultConfigurationIsVisible = 0;
			defaultConfigurationName = Release;
		};
		18455BB01ECDA65A007C8F8B /* Build configuration list for PBXNativeTarget "refreshViewApp" */ = {
			isa = XCConfigurationList;
			buildConfigurations = (
				18455BB11ECDA65A007C8F8B /* Debug */,
				18455BB21ECDA65A007C8F8B /* Release */,
			);
			defaultConfigurationIsVisible = 0;
			defaultConfigurationName = Release;
		};
/* End XCConfigurationList section */
	};
	rootObject = 18455B961ECDA65A007C8F8B /* Project object */;
}
